// !$*UTF8*$!
{
	archiveVersion = 1;
	classes = {
	};
	objectVersion = 55;
	objects = {

/* Begin PBXBuildFile section */
		66188819D044C84F209917E7 /* Pods_Meeting.framework in Frameworks */ = {isa = PBXBuildFile; fileRef = 3D3495E21A4C10DF2315556C /* Pods_Meeting.framework */; };
		9D54ACC8285B83F10017DF82 /* AppDelegate.swift in Sources */ = {isa = PBXBuildFile; fileRef = 9D54ACC7285B83F10017DF82 /* AppDelegate.swift */; };
		9D54ACCA285B83F10017DF82 /* SceneDelegate.swift in Sources */ = {isa = PBXBuildFile; fileRef = 9D54ACC9285B83F10017DF82 /* SceneDelegate.swift */; };
		9D54ACCF285B83F10017DF82 /* Main.storyboard in Resources */ = {isa = PBXBuildFile; fileRef = 9D54ACCD285B83F10017DF82 /* Main.storyboard */; };
		9D54ACD1285B83F20017DF82 /* Assets.xcassets in Resources */ = {isa = PBXBuildFile; fileRef = 9D54ACD0285B83F20017DF82 /* Assets.xcassets */; };
		9D54ACD4285B83F20017DF82 /* LaunchScreen.storyboard in Resources */ = {isa = PBXBuildFile; fileRef = 9D54ACD2285B83F20017DF82 /* LaunchScreen.storyboard */; };
		9D54ACDD285B96680017DF82 /* Meet.swift in Sources */ = {isa = PBXBuildFile; fileRef = 9D54ACDC285B96680017DF82 /* Meet.swift */; };
		9D54ACE4285BA0370017DF82 /* FormViewModel.swift in Sources */ = {isa = PBXBuildFile; fileRef = 9D54ACE3285BA0370017DF82 /* FormViewModel.swift */; };
		9D54ACE6285BA1020017DF82 /* FormViewController.swift in Sources */ = {isa = PBXBuildFile; fileRef = 9D54ACE5285BA1020017DF82 /* FormViewController.swift */; };
		9D54ACE9285BA19A0017DF82 /* PresentationViewController.swift in Sources */ = {isa = PBXBuildFile; fileRef = 9D54ACE8285BA19A0017DF82 /* PresentationViewController.swift */; };
		9D54ACEB285BA81D0017DF82 /* PresentationViewModel.swift in Sources */ = {isa = PBXBuildFile; fileRef = 9D54ACEA285BA81D0017DF82 /* PresentationViewModel.swift */; };
		9D54ACED285BA8D90017DF82 /* ObservableObject.swift in Sources */ = {isa = PBXBuildFile; fileRef = 9D54ACEC285BA8D90017DF82 /* ObservableObject.swift */; };
		9D54ACEF285BB0AF0017DF82 /* DatabaseService.swift in Sources */ = {isa = PBXBuildFile; fileRef = 9D54ACEE285BB0AF0017DF82 /* DatabaseService.swift */; };
/* End PBXBuildFile section */

/* Begin PBXFileReference section */
		3D3495E21A4C10DF2315556C /* Pods_Meeting.framework */ = {isa = PBXFileReference; explicitFileType = wrapper.framework; includeInIndex = 0; path = Pods_Meeting.framework; sourceTree = BUILT_PRODUCTS_DIR; };
		6DDC3BAC709C533DD1AE4502 /* Pods-Meeting.debug.xcconfig */ = {isa = PBXFileReference; includeInIndex = 1; lastKnownFileType = text.xcconfig; name = "Pods-Meeting.debug.xcconfig"; path = "Target Support Files/Pods-Meeting/Pods-Meeting.debug.xcconfig"; sourceTree = "<group>"; };
		8ADEA0DE59C981E0EEEF764A /* Pods-Meeting.release.xcconfig */ = {isa = PBXFileReference; includeInIndex = 1; lastKnownFileType = text.xcconfig; name = "Pods-Meeting.release.xcconfig"; path = "Target Support Files/Pods-Meeting/Pods-Meeting.release.xcconfig"; sourceTree = "<group>"; };
		9D54ACC4285B83F10017DF82 /* Meeting.app */ = {isa = PBXFileReference; explicitFileType = wrapper.application; includeInIndex = 0; path = Meeting.app; sourceTree = BUILT_PRODUCTS_DIR; };
		9D54ACC7285B83F10017DF82 /* AppDelegate.swift */ = {isa = PBXFileReference; lastKnownFileType = sourcecode.swift; path = AppDelegate.swift; sourceTree = "<group>"; };
		9D54ACC9285B83F10017DF82 /* SceneDelegate.swift */ = {isa = PBXFileReference; lastKnownFileType = sourcecode.swift; path = SceneDelegate.swift; sourceTree = "<group>"; };
		9D54ACCE285B83F10017DF82 /* Base */ = {isa = PBXFileReference; lastKnownFileType = file.storyboard; name = Base; path = Base.lproj/Main.storyboard; sourceTree = "<group>"; };
		9D54ACD0285B83F20017DF82 /* Assets.xcassets */ = {isa = PBXFileReference; lastKnownFileType = folder.assetcatalog; path = Assets.xcassets; sourceTree = "<group>"; };
		9D54ACD3285B83F20017DF82 /* Base */ = {isa = PBXFileReference; lastKnownFileType = file.storyboard; name = Base; path = Base.lproj/LaunchScreen.storyboard; sourceTree = "<group>"; };
		9D54ACD5285B83F20017DF82 /* Info.plist */ = {isa = PBXFileReference; lastKnownFileType = text.plist.xml; path = Info.plist; sourceTree = "<group>"; };
		9D54ACDC285B96680017DF82 /* Meet.swift */ = {isa = PBXFileReference; lastKnownFileType = sourcecode.swift; path = Meet.swift; sourceTree = "<group>"; };
		9D54ACE3285BA0370017DF82 /* FormViewModel.swift */ = {isa = PBXFileReference; lastKnownFileType = sourcecode.swift; path = FormViewModel.swift; sourceTree = "<group>"; };
		9D54ACE5285BA1020017DF82 /* FormViewController.swift */ = {isa = PBXFileReference; lastKnownFileType = sourcecode.swift; path = FormViewController.swift; sourceTree = "<group>"; };
		9D54ACE8285BA19A0017DF82 /* PresentationViewController.swift */ = {isa = PBXFileReference; lastKnownFileType = sourcecode.swift; path = PresentationViewController.swift; sourceTree = "<group>"; };
		9D54ACEA285BA81D0017DF82 /* PresentationViewModel.swift */ = {isa = PBXFileReference; lastKnownFileType = sourcecode.swift; path = PresentationViewModel.swift; sourceTree = "<group>"; };
		9D54ACEC285BA8D90017DF82 /* ObservableObject.swift */ = {isa = PBXFileReference; lastKnownFileType = sourcecode.swift; path = ObservableObject.swift; sourceTree = "<group>"; };
		9D54ACEE285BB0AF0017DF82 /* DatabaseService.swift */ = {isa = PBXFileReference; lastKnownFileType = sourcecode.swift; path = DatabaseService.swift; sourceTree = "<group>"; };
/* End PBXFileReference section */

/* Begin PBXFrameworksBuildPhase section */
		9D54ACC1285B83F10017DF82 /* Frameworks */ = {
			isa = PBXFrameworksBuildPhase;
			buildActionMask = 2147483647;
			files = (
				66188819D044C84F209917E7 /* Pods_Meeting.framework in Frameworks */,
			);
			runOnlyForDeploymentPostprocessing = 0;
		};
/* End PBXFrameworksBuildPhase section */

/* Begin PBXGroup section */
		67404D825D86284AAAD7CAC5 /* Frameworks */ = {
			isa = PBXGroup;
			children = (
				3D3495E21A4C10DF2315556C /* Pods_Meeting.framework */,
			);
			name = Frameworks;
			sourceTree = "<group>";
		};
		89FD9636D50CF3DF01813382 /* Pods */ = {
			isa = PBXGroup;
			children = (
				6DDC3BAC709C533DD1AE4502 /* Pods-Meeting.debug.xcconfig */,
				8ADEA0DE59C981E0EEEF764A /* Pods-Meeting.release.xcconfig */,
			);
			path = Pods;
			sourceTree = "<group>";
		};
		9D54ACBB285B83F10017DF82 = {
			isa = PBXGroup;
			children = (
				9D54ACC6285B83F10017DF82 /* Meeting */,
				9D54ACC5285B83F10017DF82 /* Products */,
				89FD9636D50CF3DF01813382 /* Pods */,
				67404D825D86284AAAD7CAC5 /* Frameworks */,
			);
			sourceTree = "<group>";
		};
		9D54ACC5285B83F10017DF82 /* Products */ = {
			isa = PBXGroup;
			children = (
				9D54ACC4285B83F10017DF82 /* Meeting.app */,
			);
			name = Products;
			sourceTree = "<group>";
		};
		9D54ACC6285B83F10017DF82 /* Meeting */ = {
			isa = PBXGroup;
			children = (
				9D54ACF0285BB0B70017DF82 /* Services */,
				9D54ACE2285B9FCA0017DF82 /* FormView */,
				9D54ACE7285BA16A0017DF82 /* PresentationView */,
				9D54ACDB285B964C0017DF82 /* Models */,
				9D54ACC7285B83F10017DF82 /* AppDelegate.swift */,
				9D54ACC9285B83F10017DF82 /* SceneDelegate.swift */,
				9D54ACEC285BA8D90017DF82 /* ObservableObject.swift */,
				9D54ACCD285B83F10017DF82 /* Main.storyboard */,
				9D54ACD0285B83F20017DF82 /* Assets.xcassets */,
				9D54ACD2285B83F20017DF82 /* LaunchScreen.storyboard */,
				9D54ACD5285B83F20017DF82 /* Info.plist */,
			);
			path = Meeting;
			sourceTree = "<group>";
		};
		9D54ACDB285B964C0017DF82 /* Models */ = {
			isa = PBXGroup;
			children = (
				9D54ACDC285B96680017DF82 /* Meet.swift */,
			);
			path = Models;
			sourceTree = "<group>";
		};
		9D54ACE2285B9FCA0017DF82 /* FormView */ = {
			isa = PBXGroup;
			children = (
				9D54ACE3285BA0370017DF82 /* FormViewModel.swift */,
				9D54ACE5285BA1020017DF82 /* FormViewController.swift */,
			);
			path = FormView;
			sourceTree = "<group>";
		};
		9D54ACE7285BA16A0017DF82 /* PresentationView */ = {
			isa = PBXGroup;
			children = (
				9D54ACE8285BA19A0017DF82 /* PresentationViewController.swift */,
				9D54ACEA285BA81D0017DF82 /* PresentationViewModel.swift */,
			);
			path = PresentationView;
			sourceTree = "<group>";
		};
		9D54ACF0285BB0B70017DF82 /* Services */ = {
			isa = PBXGroup;
			children = (
				9D54ACEE285BB0AF0017DF82 /* DatabaseService.swift */,
			);
			path = Services;
			sourceTree = "<group>";
		};
/* End PBXGroup section */

/* Begin PBXNativeTarget section */
		9D54ACC3285B83F10017DF82 /* Meeting */ = {
			isa = PBXNativeTarget;
			buildConfigurationList = 9D54ACD8285B83F20017DF82 /* Build configuration list for PBXNativeTarget "Meeting" */;
			buildPhases = (
				2094DCEB3A3A6503655AF7F2 /* [CP] Check Pods Manifest.lock */,
				9D54ACC0285B83F10017DF82 /* Sources */,
				9D54ACC1285B83F10017DF82 /* Frameworks */,
				9D54ACC2285B83F10017DF82 /* Resources */,
				C3DBDF2B51805C811086AED3 /* [CP] Embed Pods Frameworks */,
			);
			buildRules = (
			);
			dependencies = (
			);
			name = Meeting;
			productName = Meeting;
			productReference = 9D54ACC4285B83F10017DF82 /* Meeting.app */;
			productType = "com.apple.product-type.application";
		};
/* End PBXNativeTarget section */

/* Begin PBXProject section */
		9D54ACBC285B83F10017DF82 /* Project object */ = {
			isa = PBXProject;
			attributes = {
				BuildIndependentTargetsInParallel = 1;
				LastSwiftUpdateCheck = 1330;
				LastUpgradeCheck = 1330;
				TargetAttributes = {
					9D54ACC3285B83F10017DF82 = {
						CreatedOnToolsVersion = 13.3.1;
					};
				};
			};
			buildConfigurationList = 9D54ACBF285B83F10017DF82 /* Build configuration list for PBXProject "Meeting" */;
			compatibilityVersion = "Xcode 13.0";
			developmentRegion = en;
			hasScannedForEncodings = 0;
			knownRegions = (
				en,
				Base,
			);
			mainGroup = 9D54ACBB285B83F10017DF82;
			productRefGroup = 9D54ACC5285B83F10017DF82 /* Products */;
			projectDirPath = "";
			projectRoot = "";
			targets = (
				9D54ACC3285B83F10017DF82 /* Meeting */,
			);
		};
/* End PBXProject section */

/* Begin PBXResourcesBuildPhase section */
		9D54ACC2285B83F10017DF82 /* Resources */ = {
			isa = PBXResourcesBuildPhase;
			buildActionMask = 2147483647;
			files = (
				9D54ACD4285B83F20017DF82 /* LaunchScreen.storyboard in Resources */,
				9D54ACD1285B83F20017DF82 /* Assets.xcassets in Resources */,
				9D54ACCF285B83F10017DF82 /* Main.storyboard in Resources */,
			);
			runOnlyForDeploymentPostprocessing = 0;
		};
/* End PBXResourcesBuildPhase section */

/* Begin PBXShellScriptBuildPhase section */
		2094DCEB3A3A6503655AF7F2 /* [CP] Check Pods Manifest.lock */ = {
			isa = PBXShellScriptBuildPhase;
			buildActionMask = 2147483647;
			files = (
			);
			inputFileListPaths = (
			);
			inputPaths = (
				"${PODS_PODFILE_DIR_PATH}/Podfile.lock",
				"${PODS_ROOT}/Manifest.lock",
			);
			name = "[CP] Check Pods Manifest.lock";
			outputFileListPaths = (
			);
			outputPaths = (
				"$(DERIVED_FILE_DIR)/Pods-Meeting-checkManifestLockResult.txt",
			);
			runOnlyForDeploymentPostprocessing = 0;
			shellPath = /bin/sh;
			shellScript = "diff \"${PODS_PODFILE_DIR_PATH}/Podfile.lock\" \"${PODS_ROOT}/Manifest.lock\" > /dev/null\nif [ $? != 0 ] ; then\n    # print error to STDERR\n    echo \"error: The sandbox is not in sync with the Podfile.lock. Run 'pod install' or update your CocoaPods installation.\" >&2\n    exit 1\nfi\n# This output is used by Xcode 'outputs' to avoid re-running this script phase.\necho \"SUCCESS\" > \"${SCRIPT_OUTPUT_FILE_0}\"\n";
			showEnvVarsInLog = 0;
		};
		C3DBDF2B51805C811086AED3 /* [CP] Embed Pods Frameworks */ = {
			isa = PBXShellScriptBuildPhase;
			buildActionMask = 2147483647;
			files = (
			);
			inputFileListPaths = (
				"${PODS_ROOT}/Target Support Files/Pods-Meeting/Pods-Meeting-frameworks-${CONFIGURATION}-input-files.xcfilelist",
			);
			name = "[CP] Embed Pods Frameworks";
			outputFileListPaths = (
				"${PODS_ROOT}/Target Support Files/Pods-Meeting/Pods-Meeting-frameworks-${CONFIGURATION}-output-files.xcfilelist",
			);
			runOnlyForDeploymentPostprocessing = 0;
			shellPath = /bin/sh;
			shellScript = "\"${PODS_ROOT}/Target Support Files/Pods-Meeting/Pods-Meeting-frameworks.sh\"\n";
			showEnvVarsInLog = 0;
		};
/* End PBXShellScriptBuildPhase section */

/* Begin PBXSourcesBuildPhase section */
		9D54ACC0285B83F10017DF82 /* Sources */ = {
			isa = PBXSourcesBuildPhase;
			buildActionMask = 2147483647;
			files = (
				9D54ACEF285BB0AF0017DF82 /* DatabaseService.swift in Sources */,
				9D54ACEB285BA81D0017DF82 /* PresentationViewModel.swift in Sources */,
				9D54ACE6285BA1020017DF82 /* FormViewController.swift in Sources */,
				9D54ACE4285BA0370017DF82 /* FormViewModel.swift in Sources */,
				9D54ACDD285B96680017DF82 /* Meet.swift in Sources */,
				9D54ACC8285B83F10017DF82 /* AppDelegate.swift in Sources */,
				9D54ACE9285BA19A0017DF82 /* PresentationViewController.swift in Sources */,
				9D54ACCA285B83F10017DF82 /* SceneDelegate.swift in Sources */,
				9D54ACED285BA8D90017DF82 /* ObservableObject.swift in Sources */,
			);
			runOnlyForDeploymentPostprocessing = 0;
		};
/* End PBXSourcesBuildPhase section */

/* Begin PBXVariantGroup section */
		9D54ACCD285B83F10017DF82 /* Main.storyboard */ = {
			isa = PBXVariantGroup;
			children = (
				9D54ACCE285B83F10017DF82 /* Base */,
			);
			name = Main.storyboard;
			sourceTree = "<group>";
		};
		9D54ACD2285B83F20017DF82 /* LaunchScreen.storyboard */ = {
			isa = PBXVariantGroup;
			children = (
				9D54ACD3285B83F20017DF82 /* Base */,
			);
			name = LaunchScreen.storyboard;
			sourceTree = "<group>";
		};
/* End PBXVariantGroup section */

/* Begin XCBuildConfiguration section */
		9D54ACD6285B83F20017DF82 /* Debug */ = {
			isa = XCBuildConfiguration;
			buildSettings = {
				ALWAYS_SEARCH_USER_PATHS = NO;
				CLANG_ANALYZER_NONNULL = YES;
				CLANG_ANALYZER_NUMBER_OBJECT_CONVERSION = YES_AGGRESSIVE;
				CLANG_CXX_LANGUAGE_STANDARD = "gnu++17";
				CLANG_ENABLE_MODULES = YES;
				CLANG_ENABLE_OBJC_ARC = YES;
				CLANG_ENABLE_OBJC_WEAK = YES;
				CLANG_WARN_BLOCK_CAPTURE_AUTORELEASING = YES;
				CLANG_WARN_BOOL_CONVERSION = YES;
				CLANG_WARN_COMMA = YES;
				CLANG_WARN_CONSTANT_CONVERSION = YES;
				CLANG_WARN_DEPRECATED_OBJC_IMPLEMENTATIONS = YES;
				CLANG_WARN_DIRECT_OBJC_ISA_USAGE = YES_ERROR;
				CLANG_WARN_DOCUMENTATION_COMMENTS = YES;
				CLANG_WARN_EMPTY_BODY = YES;
				CLANG_WARN_ENUM_CONVERSION = YES;
				CLANG_WARN_INFINITE_RECURSION = YES;
				CLANG_WARN_INT_CONVERSION = YES;
				CLANG_WARN_NON_LITERAL_NULL_CONVERSION = YES;
				CLANG_WARN_OBJC_IMPLICIT_RETAIN_SELF = YES;
				CLANG_WARN_OBJC_LITERAL_CONVERSION = YES;
				CLANG_WARN_OBJC_ROOT_CLASS = YES_ERROR;
				CLANG_WARN_QUOTED_INCLUDE_IN_FRAMEWORK_HEADER = YES;
				CLANG_WARN_RANGE_LOOP_ANALYSIS = YES;
				CLANG_WARN_STRICT_PROTOTYPES = YES;
				CLANG_WARN_SUSPICIOUS_MOVE = YES;
				CLANG_WARN_UNGUARDED_AVAILABILITY = YES_AGGRESSIVE;
				CLANG_WARN_UNREACHABLE_CODE = YES;
				CLANG_WARN__DUPLICATE_METHOD_MATCH = YES;
				COPY_PHASE_STRIP = NO;
				DEBUG_INFORMATION_FORMAT = dwarf;
				ENABLE_STRICT_OBJC_MSGSEND = YES;
				ENABLE_TESTABILITY = YES;
				GCC_C_LANGUAGE_STANDARD = gnu11;
				GCC_DYNAMIC_NO_PIC = NO;
				GCC_NO_COMMON_BLOCKS = YES;
				GCC_OPTIMIZATION_LEVEL = 0;
				GCC_PREPROCESSOR_DEFINITIONS = (
					"DEBUG=1",
					"$(inherited)",
				);
				GCC_WARN_64_TO_32_BIT_CONVERSION = YES;
				GCC_WARN_ABOUT_RETURN_TYPE = YES_ERROR;
				GCC_WARN_UNDECLARED_SELECTOR = YES;
				GCC_WARN_UNINITIALIZED_AUTOS = YES_AGGRESSIVE;
				GCC_WARN_UNUSED_FUNCTION = YES;
				GCC_WARN_UNUSED_VARIABLE = YES;
				IPHONEOS_DEPLOYMENT_TARGET = 15.4;
				MTL_ENABLE_DEBUG_INFO = INCLUDE_SOURCE;
				MTL_FAST_MATH = YES;
				ONLY_ACTIVE_ARCH = YES;
				SDKROOT = iphoneos;
				SWIFT_ACTIVE_COMPILATION_CONDITIONS = DEBUG;
				SWIFT_OPTIMIZATION_LEVEL = "-Onone";
			};
			name = Debug;
		};
		9D54ACD7285B83F20017DF82 /* Release */ = {
			isa = XCBuildConfiguration;
			buildSettings = {
				ALWAYS_SEARCH_USER_PATHS = NO;
				CLANG_ANALYZER_NONNULL = YES;
				CLANG_ANALYZER_NUMBER_OBJECT_CONVERSION = YES_AGGRESSIVE;
				CLANG_CXX_LANGUAGE_STANDARD = "gnu++17";
				CLANG_ENABLE_MODULES = YES;
				CLANG_ENABLE_OBJC_ARC = YES;
				CLANG_ENABLE_OBJC_WEAK = YES;
				CLANG_WARN_BLOCK_CAPTURE_AUTORELEASING = YES;
				CLANG_WARN_BOOL_CONVERSION = YES;
				CLANG_WARN_COMMA = YES;
				CLANG_WARN_CONSTANT_CONVERSION = YES;
				CLANG_WARN_DEPRECATED_OBJC_IMPLEMENTATIONS = YES;
				CLANG_WARN_DIRECT_OBJC_ISA_USAGE = YES_ERROR;
				CLANG_WARN_DOCUMENTATION_COMMENTS = YES;
				CLANG_WARN_EMPTY_BODY = YES;
				CLANG_WARN_ENUM_CONVERSION = YES;
				CLANG_WARN_INFINITE_RECURSION = YES;
				CLANG_WARN_INT_CONVERSION = YES;
				CLANG_WARN_NON_LITERAL_NULL_CONVERSION = YES;
				CLANG_WARN_OBJC_IMPLICIT_RETAIN_SELF = YES;
				CLANG_WARN_OBJC_LITERAL_CONVERSION = YES;
				CLANG_WARN_OBJC_ROOT_CLASS = YES_ERROR;
				CLANG_WARN_QUOTED_INCLUDE_IN_FRAMEWORK_HEADER = YES;
				CLANG_WARN_RANGE_LOOP_ANALYSIS = YES;
				CLANG_WARN_STRICT_PROTOTYPES = YES;
				CLANG_WARN_SUSPICIOUS_MOVE = YES;
				CLANG_WARN_UNGUARDED_AVAILABILITY = YES_AGGRESSIVE;
				CLANG_WARN_UNREACHABLE_CODE = YES;
				CLANG_WARN__DUPLICATE_METHOD_MATCH = YES;
				COPY_PHASE_STRIP = NO;
				DEBUG_INFORMATION_FORMAT = "dwarf-with-dsym";
				ENABLE_NS_ASSERTIONS = NO;
				ENABLE_STRICT_OBJC_MSGSEND = YES;
				GCC_C_LANGUAGE_STANDARD = gnu11;
				GCC_NO_COMMON_BLOCKS = YES;
				GCC_WARN_64_TO_32_BIT_CONVERSION = YES;
				GCC_WARN_ABOUT_RETURN_TYPE = YES_ERROR;
				GCC_WARN_UNDECLARED_SELECTOR = YES;
				GCC_WARN_UNINITIALIZED_AUTOS = YES_AGGRESSIVE;
				GCC_WARN_UNUSED_FUNCTION = YES;
				GCC_WARN_UNUSED_VARIABLE = YES;
				IPHONEOS_DEPLOYMENT_TARGET = 15.4;
				MTL_ENABLE_DEBUG_INFO = NO;
				MTL_FAST_MATH = YES;
				SDKROOT = iphoneos;
				SWIFT_COMPILATION_MODE = wholemodule;
				SWIFT_OPTIMIZATION_LEVEL = "-O";
				VALIDATE_PRODUCT = YES;
			};
			name = Release;
		};
		9D54ACD9285B83F20017DF82 /* Debug */ = {
			isa = XCBuildConfiguration;
			baseConfigurationReference = 6DDC3BAC709C533DD1AE4502 /* Pods-Meeting.debug.xcconfig */;
			buildSettings = {
				ASSETCATALOG_COMPILER_APPICON_NAME = AppIcon;
				ASSETCATALOG_COMPILER_GLOBAL_ACCENT_COLOR_NAME = AccentColor;
				CODE_SIGN_STYLE = Automatic;
				CURRENT_PROJECT_VERSION = 1;
				DEVELOPMENT_TEAM = 3GQX355JRN;
				GENERATE_INFOPLIST_FILE = YES;
				INFOPLIST_FILE = Meeting/Info.plist;
				INFOPLIST_KEY_UIApplicationSupportsIndirectInputEvents = YES;
				INFOPLIST_KEY_UILaunchStoryboardName = LaunchScreen;
				INFOPLIST_KEY_UIMainStoryboardFile = Main;
				INFOPLIST_KEY_UISupportedInterfaceOrientations_iPad = "UIInterfaceOrientationPortrait UIInterfaceOrientationPortraitUpsideDown UIInterfaceOrientationLandscapeLeft UIInterfaceOrientationLandscapeRight";
				INFOPLIST_KEY_UISupportedInterfaceOrientations_iPhone = "UIInterfaceOrientationPortrait UIInterfaceOrientationLandscapeLeft UIInterfaceOrientationLandscapeRight";
				LD_RUNPATH_SEARCH_PATHS = (
					"$(inherited)",
					"@executable_path/Frameworks",
				);
				MARKETING_VERSION = 1.0;
				PRODUCT_BUNDLE_IDENTIFIER = com.Aware360Ltd.SafetyLink.Meeting;
				PRODUCT_NAME = "$(TARGET_NAME)";
				SWIFT_EMIT_LOC_STRINGS = YES;
				SWIFT_VERSION = 5.0;
				TARGETED_DEVICE_FAMILY = "1,2";
			};
			name = Debug;
		};
		9D54ACDA285B83F20017DF82 /* Release */ = {
			isa = XCBuildConfiguration;
			baseConfigurationReference = 8ADEA0DE59C981E0EEEF764A /* Pods-Meeting.release.xcconfig */;
			buildSettings = {
				ASSETCATALOG_COMPILER_APPICON_NAME = AppIcon;
				ASSETCATALOG_COMPILER_GLOBAL_ACCENT_COLOR_NAME = AccentColor;
				CODE_SIGN_STYLE = Automatic;
				CURRENT_PROJECT_VERSION = 1;
				DEVELOPMENT_TEAM = 3GQX355JRN;
				GENERATE_INFOPLIST_FILE = YES;
				INFOPLIST_FILE = Meeting/Info.plist;
				INFOPLIST_KEY_UIApplicationSupportsIndirectInputEvents = YES;
				INFOPLIST_KEY_UILaunchStoryboardName = LaunchScreen;
				INFOPLIST_KEY_UIMainStoryboardFile = Main;
				INFOPLIST_KEY_UISupportedInterfaceOrientations_iPad = "UIInterfaceOrientationPortrait UIInterfaceOrientationPortraitUpsideDown UIInterfaceOrientationLandscapeLeft UIInterfaceOrientationLandscapeRight";
				INFOPLIST_KEY_UISupportedInterfaceOrientations_iPhone = "UIInterfaceOrientationPortrait UIInterfaceOrientationLandscapeLeft UIInterfaceOrientationLandscapeRight";
				LD_RUNPATH_SEARCH_PATHS = (
					"$(inherited)",
					"@executable_path/Frameworks",
				);
				MARKETING_VERSION = 1.0;
				PRODUCT_BUNDLE_IDENTIFIER = com.Aware360Ltd.SafetyLink.Meeting;
				PRODUCT_NAME = "$(TARGET_NAME)";
				SWIFT_EMIT_LOC_STRINGS = YES;
				SWIFT_VERSION = 5.0;
				TARGETED_DEVICE_FAMILY = "1,2";
			};
			name = Release;
		};
/* End XCBuildConfiguration section */

/* Begin XCConfigurationList section */
		9D54ACBF285B83F10017DF82 /* Build configuration list for PBXProject "Meeting" */ = {
			isa = XCConfigurationList;
			buildConfigurations = (
				9D54ACD6285B83F20017DF82 /* Debug */,
				9D54ACD7285B83F20017DF82 /* Release */,
			);
			defaultConfigurationIsVisible = 0;
			defaultConfigurationName = Release;
		};
		9D54ACD8285B83F20017DF82 /* Build configuration list for PBXNativeTarget "Meeting" */ = {
			isa = XCConfigurationList;
			buildConfigurations = (
				9D54ACD9285B83F20017DF82 /* Debug */,
				9D54ACDA285B83F20017DF82 /* Release */,
			);
			defaultConfigurationIsVisible = 0;
			defaultConfigurationName = Release;
		};
/* End XCConfigurationList section */
	};
	rootObject = 9D54ACBC285B83F10017DF82 /* Project object */;
}
